
Microsoft Visual Studio Solution File, Format Version 12.00
# Visual Studio Version 16
VisualStudioVersion = 16.6.30114.105
MinimumVisualStudioVersion = 10.0.40219.1
Project("{2150E333-8FDC-42A3-9474-1A3956D46DE8}") = "source", "source", "{BCE00700-705C-4B3A-902B-3356DCD3DA3E}"
EndProject
Project("{FAE04EC0-301F-11D3-BF4B-00C04F79EFBC}") = "wagi", "source\wagi\wagi.csproj", "{5912B3A0-FB51-4088-8B46-B69FB8F18CDF}"
EndProject
Project("{2150E333-8FDC-42A3-9474-1A3956D46DE8}") = "examples", "examples", "{60AAAB4B-27C6-4EEA-A2E7-8FD3FAAB7747}"
EndProject
Project("{FAE04EC0-301F-11D3-BF4B-00C04F79EFBC}") = "fibonacci.test", "examples\fibonacci.test\fibonacci.test.csproj", "{69B6A768-B7DB-4FAD-A184-064143CC09D1}"
EndProject
Project("{FAE04EC0-301F-11D3-BF4B-00C04F79EFBC}") = "watm.test", "examples\watm.test\watm.test.csproj", "{975AB4A0-7756-44A6-B5BD-F69D42D8691B}"
EndProject
Project("{FAE04EC0-301F-11D3-BF4B-00C04F79EFBC}") = "wagi.test", "source\wagi.test\wagi.test.csproj", "{E6BF6BD3-4116-48CD-BAC8-D88A26408583}"
EndProject
Project("{FAE04EC0-301F-11D3-BF4B-00C04F79EFBC}") = "watmwithauth.test", "examples\watmwithauth.test\watmwithauth.test.csproj", "{17D92F3C-AFB3-4AB7-9753-4557BA4CCECA}"
EndProject
Project("{FAE04EC0-301F-11D3-BF4B-00C04F79EFBC}") = "simplehttp.test", "examples\simplehttp.test\simplehttp.test.csproj", "{0E88D1C4-11D9-4440-9E1C-43124FC6CF6C}"
EndProject
Global
	GlobalSection(SolutionConfigurationPlatforms) = preSolution
		Debug|Any CPU = Debug|Any CPU
		Debug|x64 = Debug|x64
		Debug|x86 = Debug|x86
		Release|Any CPU = Release|Any CPU
		Release|x64 = Release|x64
		Release|x86 = Release|x86
	EndGlobalSection
	GlobalSection(SolutionProperties) = preSolution
		HideSolutionNode = FALSE
	EndGlobalSection
	GlobalSection(ProjectConfigurationPlatforms) = postSolution
		{5912B3A0-FB51-4088-8B46-B69FB8F18CDF}.Debug|Any CPU.ActiveCfg = Debug|Any CPU
		{5912B3A0-FB51-4088-8B46-B69FB8F18CDF}.Debug|Any CPU.Build.0 = Debug|Any CPU
		{5912B3A0-FB51-4088-8B46-B69FB8F18CDF}.Debug|x64.ActiveCfg = Debug|Any CPU
		{5912B3A0-FB51-4088-8B46-B69FB8F18CDF}.Debug|x64.Build.0 = Debug|Any CPU
		{5912B3A0-FB51-4088-8B46-B69FB8F18CDF}.Debug|x86.ActiveCfg = Debug|Any CPU
		{5912B3A0-FB51-4088-8B46-B69FB8F18CDF}.Debug|x86.Build.0 = Debug|Any CPU
		{5912B3A0-FB51-4088-8B46-B69FB8F18CDF}.Release|Any CPU.ActiveCfg = Release|Any CPU
		{5912B3A0-FB51-4088-8B46-B69FB8F18CDF}.Release|Any CPU.Build.0 = Release|Any CPU
		{5912B3A0-FB51-4088-8B46-B69FB8F18CDF}.Release|x64.ActiveCfg = Release|Any CPU
		{5912B3A0-FB51-4088-8B46-B69FB8F18CDF}.Release|x64.Build.0 = Release|Any CPU
		{5912B3A0-FB51-4088-8B46-B69FB8F18CDF}.Release|x86.ActiveCfg = Release|Any CPU
		{5912B3A0-FB51-4088-8B46-B69FB8F18CDF}.Release|x86.Build.0 = Release|Any CPU
		{69B6A768-B7DB-4FAD-A184-064143CC09D1}.Debug|Any CPU.ActiveCfg = Debug|Any CPU
		{69B6A768-B7DB-4FAD-A184-064143CC09D1}.Debug|Any CPU.Build.0 = Debug|Any CPU
		{69B6A768-B7DB-4FAD-A184-064143CC09D1}.Debug|x64.ActiveCfg = Debug|Any CPU
		{69B6A768-B7DB-4FAD-A184-064143CC09D1}.Debug|x64.Build.0 = Debug|Any CPU
		{69B6A768-B7DB-4FAD-A184-064143CC09D1}.Debug|x86.ActiveCfg = Debug|Any CPU
		{69B6A768-B7DB-4FAD-A184-064143CC09D1}.Debug|x86.Build.0 = Debug|Any CPU
		{69B6A768-B7DB-4FAD-A184-064143CC09D1}.Release|Any CPU.ActiveCfg = Release|Any CPU
		{69B6A768-B7DB-4FAD-A184-064143CC09D1}.Release|Any CPU.Build.0 = Release|Any CPU
		{69B6A768-B7DB-4FAD-A184-064143CC09D1}.Release|x64.ActiveCfg = Release|Any CPU
		{69B6A768-B7DB-4FAD-A184-064143CC09D1}.Release|x64.Build.0 = Release|Any CPU
		{69B6A768-B7DB-4FAD-A184-064143CC09D1}.Release|x86.ActiveCfg = Release|Any CPU
		{69B6A768-B7DB-4FAD-A184-064143CC09D1}.Release|x86.Build.0 = Release|Any CPU
		{975AB4A0-7756-44A6-B5BD-F69D42D8691B}.Debug|Any CPU.ActiveCfg = Debug|Any CPU
		{975AB4A0-7756-44A6-B5BD-F69D42D8691B}.Debug|Any CPU.Build.0 = Debug|Any CPU
		{975AB4A0-7756-44A6-B5BD-F69D42D8691B}.Debug|x64.ActiveCfg = Debug|Any CPU
		{975AB4A0-7756-44A6-B5BD-F69D42D8691B}.Debug|x64.Build.0 = Debug|Any CPU
		{975AB4A0-7756-44A6-B5BD-F69D42D8691B}.Debug|x86.ActiveCfg = Debug|Any CPU
		{975AB4A0-7756-44A6-B5BD-F69D42D8691B}.Debug|x86.Build.0 = Debug|Any CPU
		{975AB4A0-7756-44A6-B5BD-F69D42D8691B}.Release|Any CPU.ActiveCfg = Release|Any CPU
		{975AB4A0-7756-44A6-B5BD-F69D42D8691B}.Release|Any CPU.Build.0 = Release|Any CPU
		{975AB4A0-7756-44A6-B5BD-F69D42D8691B}.Release|x64.ActiveCfg = Release|Any CPU
		{975AB4A0-7756-44A6-B5BD-F69D42D8691B}.Release|x64.Build.0 = Release|Any CPU
		{975AB4A0-7756-44A6-B5BD-F69D42D8691B}.Release|x86.ActiveCfg = Release|Any CPU
		{975AB4A0-7756-44A6-B5BD-F69D42D8691B}.Release|x86.Build.0 = Release|Any CPU
		{E6BF6BD3-4116-48CD-BAC8-D88A26408583}.Debug|Any CPU.ActiveCfg = Debug|Any CPU
		{E6BF6BD3-4116-48CD-BAC8-D88A26408583}.Debug|Any CPU.Build.0 = Debug|Any CPU
		{E6BF6BD3-4116-48CD-BAC8-D88A26408583}.Debug|x64.ActiveCfg = Debug|Any CPU
		{E6BF6BD3-4116-48CD-BAC8-D88A26408583}.Debug|x64.Build.0 = Debug|Any CPU
		{E6BF6BD3-4116-48CD-BAC8-D88A26408583}.Debug|x86.ActiveCfg = Debug|Any CPU
		{E6BF6BD3-4116-48CD-BAC8-D88A26408583}.Debug|x86.Build.0 = Debug|Any CPU
		{E6BF6BD3-4116-48CD-BAC8-D88A26408583}.Release|Any CPU.ActiveCfg = Release|Any CPU
		{E6BF6BD3-4116-48CD-BAC8-D88A26408583}.Release|Any CPU.Build.0 = Release|Any CPU
		{E6BF6BD3-4116-48CD-BAC8-D88A26408583}.Release|x64.ActiveCfg = Release|Any CPU
		{E6BF6BD3-4116-48CD-BAC8-D88A26408583}.Release|x64.Build.0 = Release|Any CPU
		{E6BF6BD3-4116-48CD-BAC8-D88A26408583}.Release|x86.ActiveCfg = Release|Any CPU
		{E6BF6BD3-4116-48CD-BAC8-D88A26408583}.Release|x86.Build.0 = Release|Any CPU
		{17D92F3C-AFB3-4AB7-9753-4557BA4CCECA}.Debug|Any CPU.ActiveCfg = Debug|Any CPU
		{17D92F3C-AFB3-4AB7-9753-4557BA4CCECA}.Debug|Any CPU.Build.0 = Debug|Any CPU
		{17D92F3C-AFB3-4AB7-9753-4557BA4CCECA}.Debug|x64.ActiveCfg = Debug|Any CPU
		{17D92F3C-AFB3-4AB7-9753-4557BA4CCECA}.Debug|x64.Build.0 = Debug|Any CPU
		{17D92F3C-AFB3-4AB7-9753-4557BA4CCECA}.Debug|x86.ActiveCfg = Debug|Any CPU
		{17D92F3C-AFB3-4AB7-9753-4557BA4CCECA}.Debug|x86.Build.0 = Debug|Any CPU
		{17D92F3C-AFB3-4AB7-9753-4557BA4CCECA}.Release|Any CPU.ActiveCfg = Release|Any CPU
		{17D92F3C-AFB3-4AB7-9753-4557BA4CCECA}.Release|Any CPU.Build.0 = Release|Any CPU
		{17D92F3C-AFB3-4AB7-9753-4557BA4CCECA}.Release|x64.ActiveCfg = Release|Any CPU
		{17D92F3C-AFB3-4AB7-9753-4557BA4CCECA}.Release|x64.Build.0 = Release|Any CPU
		{17D92F3C-AFB3-4AB7-9753-4557BA4CCECA}.Release|x86.ActiveCfg = Release|Any CPU
		{17D92F3C-AFB3-4AB7-9753-4557BA4CCECA}.Release|x86.Build.0 = Release|Any CPU
		{0E88D1C4-11D9-4440-9E1C-43124FC6CF6C}.Debug|Any CPU.ActiveCfg = Debug|Any CPU
		{0E88D1C4-11D9-4440-9E1C-43124FC6CF6C}.Debug|Any CPU.Build.0 = Debug|Any CPU
		{0E88D1C4-11D9-4440-9E1C-43124FC6CF6C}.Debug|x64.ActiveCfg = Debug|Any CPU
		{0E88D1C4-11D9-4440-9E1C-43124FC6CF6C}.Debug|x64.Build.0 = Debug|Any CPU
		{0E88D1C4-11D9-4440-9E1C-43124FC6CF6C}.Debug|x86.ActiveCfg = Debug|Any CPU
		{0E88D1C4-11D9-4440-9E1C-43124FC6CF6C}.Debug|x86.Build.0 = Debug|Any CPU
		{0E88D1C4-11D9-4440-9E1C-43124FC6CF6C}.Release|Any CPU.ActiveCfg = Release|Any CPU
		{0E88D1C4-11D9-4440-9E1C-43124FC6CF6C}.Release|Any CPU.Build.0 = Release|Any CPU
		{0E88D1C4-11D9-4440-9E1C-43124FC6CF6C}.Release|x64.ActiveCfg = Release|Any CPU
		{0E88D1C4-11D9-4440-9E1C-43124FC6CF6C}.Release|x64.Build.0 = Release|Any CPU
		{0E88D1C4-11D9-4440-9E1C-43124FC6CF6C}.Release|x86.ActiveCfg = Release|Any CPU
		{0E88D1C4-11D9-4440-9E1C-43124FC6CF6C}.Release|x86.Build.0 = Release|Any CPU
	EndGlobalSection
	GlobalSection(NestedProjects) = preSolution
		{5912B3A0-FB51-4088-8B46-B69FB8F18CDF} = {BCE00700-705C-4B3A-902B-3356DCD3DA3E}
		{69B6A768-B7DB-4FAD-A184-064143CC09D1} = {60AAAB4B-27C6-4EEA-A2E7-8FD3FAAB7747}
		{975AB4A0-7756-44A6-B5BD-F69D42D8691B} = {60AAAB4B-27C6-4EEA-A2E7-8FD3FAAB7747}
		{E6BF6BD3-4116-48CD-BAC8-D88A26408583} = {BCE00700-705C-4B3A-902B-3356DCD3DA3E}
		{17D92F3C-AFB3-4AB7-9753-4557BA4CCECA} = {60AAAB4B-27C6-4EEA-A2E7-8FD3FAAB7747}
		{0E88D1C4-11D9-4440-9E1C-43124FC6CF6C} = {60AAAB4B-27C6-4EEA-A2E7-8FD3FAAB7747}
	EndGlobalSection
EndGlobal
