
Microsoft Visual Studio Solution File, Format Version 12.00
# Visual Studio Version 17
VisualStudioVersion = 17.1.32228.430
MinimumVisualStudioVersion = 10.0.40219.1
Project("{2150E333-8FDC-42A3-9474-1A3956D46DE8}") = "source", "source", "{BCE00700-705C-4B3A-902B-3356DCD3DA3E}"
EndProject
Project("{9A19103F-16F7-4668-BE54-9A1E7A4F7556}") = "wagi", "source\wagi\wagi.csproj", "{5912B3A0-FB51-4088-8B46-B69FB8F18CDF}"
EndProject
Project("{2150E333-8FDC-42A3-9474-1A3956D46DE8}") = "examples", "examples", "{60AAAB4B-27C6-4EEA-A2E7-8FD3FAAB7747}"
EndProject
Project("{9A19103F-16F7-4668-BE54-9A1E7A4F7556}") = "fibonacci.test", "examples\fibonacci.test\fibonacci.test.csproj", "{69B6A768-B7DB-4FAD-A184-064143CC09D1}"
EndProject
Project("{9A19103F-16F7-4668-BE54-9A1E7A4F7556}") = "watm.test", "examples\watm.test\watm.test.csproj", "{975AB4A0-7756-44A6-B5BD-F69D42D8691B}"
EndProject
Project("{9A19103F-16F7-4668-BE54-9A1E7A4F7556}") = "wagi.test", "source\wagi.test\wagi.test.csproj", "{E6BF6BD3-4116-48CD-BAC8-D88A26408583}"
EndProject
Project("{9A19103F-16F7-4668-BE54-9A1E7A4F7556}") = "watmwithauth.test", "examples\watmwithauth.test\watmwithauth.test.csproj", "{17D92F3C-AFB3-4AB7-9753-4557BA4CCECA}"
EndProject
Project("{9A19103F-16F7-4668-BE54-9A1E7A4F7556}") = "simplehttp.test", "examples\simplehttp.test\simplehttp.test.csproj", "{0E88D1C4-11D9-4440-9E1C-43124FC6CF6C}"
EndProject
Project("{9A19103F-16F7-4668-BE54-9A1E7A4F7556}") = "simplehttp", "examples\simplehttp\simplehttp.csproj", "{C90D35E5-7B1C-4A04-A1E0-2E0FF889B3DA}"
EndProject
Project("{9A19103F-16F7-4668-BE54-9A1E7A4F7556}") = "fibonacci", "examples\fibonacci\fibonacci.csproj", "{9ACC9087-070A-496A-86C0-3314808B457B}"
EndProject
Project("{9A19103F-16F7-4668-BE54-9A1E7A4F7556}") = "watm", "examples\watm\watm.csproj", "{5B1E622C-BF3E-48DC-B7F1-B95174CB05DC}"
EndProject
Project("{9A19103F-16F7-4668-BE54-9A1E7A4F7556}") = "watmwithauth", "examples\watmwithauth\watmwithauth.csproj", "{A73B92C5-AF36-45AA-8EB9-9417D69ACB29}"
EndProject
Project("{9A19103F-16F7-4668-BE54-9A1E7A4F7556}") = "bindlesource", "examples\bindlesource\bindlesource.csproj", "{4069A7F9-CBA9-4B1D-9F37-893FBF7BB47C}"
EndProject
Project("{9A19103F-16F7-4668-BE54-9A1E7A4F7556}") = "wildcard", "examples\wildcard\wildcard.csproj", "{399879F4-07B6-4BFD-8AEC-6A067C376D81}"
EndProject
Project("{9A19103F-16F7-4668-BE54-9A1E7A4F7556}") = "wildcard.test", "examples\wildcard.test\wildcard.test.csproj", "{768B1623-DD53-42DD-96FA-FE0729B9CBBE}"
EndProject
Project("{9A19103F-16F7-4668-BE54-9A1E7A4F7556}") = "routes", "examples\routes\routes.csproj", "{2EF91649-F49E-4720-8702-613B7E0C3D0B}"
EndProject
Project("{9A19103F-16F7-4668-BE54-9A1E7A4F7556}") = "routes.test", "examples\routes.test\routes.test.csproj", "{AC2A6E41-407C-4DA6-9526-96575BC9D960}"
EndProject
Project("{9A19103F-16F7-4668-BE54-9A1E7A4F7556}") = "modules.toml", "examples\modules.toml\modules.toml.csproj", "{B92462FD-129B-47CD-A3DB-4502215136A8}"
EndProject
Project("{9A19103F-16F7-4668-BE54-9A1E7A4F7556}") = "modules.toml.test", "examples\modules.toml.test\modules.toml.test.csproj", "{EBD602E8-6212-4F02-99DA-63758F33AC74}"
EndProject
Project("{9A19103F-16F7-4668-BE54-9A1E7A4F7556}") = "wagipython", "examples\wagipython\wagipython.csproj", "{22A8C207-35FD-4D4E-ACD1-6B92A8DAF2E9}"
EndProject
Project("{FAE04EC0-301F-11D3-BF4B-00C04F79EFBC}") = "wagipython.test", "examples\wagipython.test\wagipython.test.csproj", "{A2A5077F-DFC0-4B4F-87B0-FBE023E1F1B8}"
EndProject
Project("{FAE04EC0-301F-11D3-BF4B-00C04F79EFBC}") = "wagiruby", "examples\wagiruby\wagiruby.csproj", "{C494BEBA-0E2E-4DD7-B7F7-BD725D8C0229}"
EndProject
Project("{FAE04EC0-301F-11D3-BF4B-00C04F79EFBC}") = "wagiruby.test", "examples\wagiruby.test\wagiruby.test.csproj", "{1D74EE38-501D-4C25-91AD-A259C3A87AA9}"
EndProject
Project("{FAE04EC0-301F-11D3-BF4B-00C04F79EFBC}") = "simplehttp-minimalapi", "examples\simplehttp-minimalapi\simplehttp-minimalapi.csproj", "{DEE97C79-A442-4D45-8187-BF9A20698209}"
EndProject
Global
	GlobalSection(SolutionConfigurationPlatforms) = preSolution
		Debug|Any CPU = Debug|Any CPU
		Debug|x64 = Debug|x64
		Debug|x86 = Debug|x86
		Release|Any CPU = Release|Any CPU
		Release|x64 = Release|x64
		Release|x86 = Release|x86
	EndGlobalSection
	GlobalSection(ProjectConfigurationPlatforms) = postSolution
		{5912B3A0-FB51-4088-8B46-B69FB8F18CDF}.Debug|Any CPU.ActiveCfg = Debug|Any CPU
		{5912B3A0-FB51-4088-8B46-B69FB8F18CDF}.Debug|Any CPU.Build.0 = Debug|Any CPU
		{5912B3A0-FB51-4088-8B46-B69FB8F18CDF}.Debug|x64.ActiveCfg = Debug|Any CPU
		{5912B3A0-FB51-4088-8B46-B69FB8F18CDF}.Debug|x64.Build.0 = Debug|Any CPU
		{5912B3A0-FB51-4088-8B46-B69FB8F18CDF}.Debug|x86.ActiveCfg = Debug|Any CPU
		{5912B3A0-FB51-4088-8B46-B69FB8F18CDF}.Debug|x86.Build.0 = Debug|Any CPU
		{5912B3A0-FB51-4088-8B46-B69FB8F18CDF}.Release|Any CPU.ActiveCfg = Release|Any CPU
		{5912B3A0-FB51-4088-8B46-B69FB8F18CDF}.Release|Any CPU.Build.0 = Release|Any CPU
		{5912B3A0-FB51-4088-8B46-B69FB8F18CDF}.Release|x64.ActiveCfg = Release|Any CPU
		{5912B3A0-FB51-4088-8B46-B69FB8F18CDF}.Release|x64.Build.0 = Release|Any CPU
		{5912B3A0-FB51-4088-8B46-B69FB8F18CDF}.Release|x86.ActiveCfg = Release|Any CPU
		{5912B3A0-FB51-4088-8B46-B69FB8F18CDF}.Release|x86.Build.0 = Release|Any CPU
		{69B6A768-B7DB-4FAD-A184-064143CC09D1}.Debug|Any CPU.ActiveCfg = Debug|Any CPU
		{69B6A768-B7DB-4FAD-A184-064143CC09D1}.Debug|Any CPU.Build.0 = Debug|Any CPU
		{69B6A768-B7DB-4FAD-A184-064143CC09D1}.Debug|x64.ActiveCfg = Debug|Any CPU
		{69B6A768-B7DB-4FAD-A184-064143CC09D1}.Debug|x64.Build.0 = Debug|Any CPU
		{69B6A768-B7DB-4FAD-A184-064143CC09D1}.Debug|x86.ActiveCfg = Debug|Any CPU
		{69B6A768-B7DB-4FAD-A184-064143CC09D1}.Debug|x86.Build.0 = Debug|Any CPU
		{69B6A768-B7DB-4FAD-A184-064143CC09D1}.Release|Any CPU.ActiveCfg = Release|Any CPU
		{69B6A768-B7DB-4FAD-A184-064143CC09D1}.Release|Any CPU.Build.0 = Release|Any CPU
		{69B6A768-B7DB-4FAD-A184-064143CC09D1}.Release|x64.ActiveCfg = Release|Any CPU
		{69B6A768-B7DB-4FAD-A184-064143CC09D1}.Release|x64.Build.0 = Release|Any CPU
		{69B6A768-B7DB-4FAD-A184-064143CC09D1}.Release|x86.ActiveCfg = Release|Any CPU
		{69B6A768-B7DB-4FAD-A184-064143CC09D1}.Release|x86.Build.0 = Release|Any CPU
		{975AB4A0-7756-44A6-B5BD-F69D42D8691B}.Debug|Any CPU.ActiveCfg = Debug|Any CPU
		{975AB4A0-7756-44A6-B5BD-F69D42D8691B}.Debug|Any CPU.Build.0 = Debug|Any CPU
		{975AB4A0-7756-44A6-B5BD-F69D42D8691B}.Debug|x64.ActiveCfg = Debug|Any CPU
		{975AB4A0-7756-44A6-B5BD-F69D42D8691B}.Debug|x64.Build.0 = Debug|Any CPU
		{975AB4A0-7756-44A6-B5BD-F69D42D8691B}.Debug|x86.ActiveCfg = Debug|Any CPU
		{975AB4A0-7756-44A6-B5BD-F69D42D8691B}.Debug|x86.Build.0 = Debug|Any CPU
		{975AB4A0-7756-44A6-B5BD-F69D42D8691B}.Release|Any CPU.ActiveCfg = Release|Any CPU
		{975AB4A0-7756-44A6-B5BD-F69D42D8691B}.Release|Any CPU.Build.0 = Release|Any CPU
		{975AB4A0-7756-44A6-B5BD-F69D42D8691B}.Release|x64.ActiveCfg = Release|Any CPU
		{975AB4A0-7756-44A6-B5BD-F69D42D8691B}.Release|x64.Build.0 = Release|Any CPU
		{975AB4A0-7756-44A6-B5BD-F69D42D8691B}.Release|x86.ActiveCfg = Release|Any CPU
		{975AB4A0-7756-44A6-B5BD-F69D42D8691B}.Release|x86.Build.0 = Release|Any CPU
		{E6BF6BD3-4116-48CD-BAC8-D88A26408583}.Debug|Any CPU.ActiveCfg = Debug|Any CPU
		{E6BF6BD3-4116-48CD-BAC8-D88A26408583}.Debug|Any CPU.Build.0 = Debug|Any CPU
		{E6BF6BD3-4116-48CD-BAC8-D88A26408583}.Debug|x64.ActiveCfg = Debug|Any CPU
		{E6BF6BD3-4116-48CD-BAC8-D88A26408583}.Debug|x64.Build.0 = Debug|Any CPU
		{E6BF6BD3-4116-48CD-BAC8-D88A26408583}.Debug|x86.ActiveCfg = Debug|Any CPU
		{E6BF6BD3-4116-48CD-BAC8-D88A26408583}.Debug|x86.Build.0 = Debug|Any CPU
		{E6BF6BD3-4116-48CD-BAC8-D88A26408583}.Release|Any CPU.ActiveCfg = Release|Any CPU
		{E6BF6BD3-4116-48CD-BAC8-D88A26408583}.Release|Any CPU.Build.0 = Release|Any CPU
		{E6BF6BD3-4116-48CD-BAC8-D88A26408583}.Release|x64.ActiveCfg = Release|Any CPU
		{E6BF6BD3-4116-48CD-BAC8-D88A26408583}.Release|x64.Build.0 = Release|Any CPU
		{E6BF6BD3-4116-48CD-BAC8-D88A26408583}.Release|x86.ActiveCfg = Release|Any CPU
		{E6BF6BD3-4116-48CD-BAC8-D88A26408583}.Release|x86.Build.0 = Release|Any CPU
		{17D92F3C-AFB3-4AB7-9753-4557BA4CCECA}.Debug|Any CPU.ActiveCfg = Debug|Any CPU
		{17D92F3C-AFB3-4AB7-9753-4557BA4CCECA}.Debug|Any CPU.Build.0 = Debug|Any CPU
		{17D92F3C-AFB3-4AB7-9753-4557BA4CCECA}.Debug|x64.ActiveCfg = Debug|Any CPU
		{17D92F3C-AFB3-4AB7-9753-4557BA4CCECA}.Debug|x64.Build.0 = Debug|Any CPU
		{17D92F3C-AFB3-4AB7-9753-4557BA4CCECA}.Debug|x86.ActiveCfg = Debug|Any CPU
		{17D92F3C-AFB3-4AB7-9753-4557BA4CCECA}.Debug|x86.Build.0 = Debug|Any CPU
		{17D92F3C-AFB3-4AB7-9753-4557BA4CCECA}.Release|Any CPU.ActiveCfg = Release|Any CPU
		{17D92F3C-AFB3-4AB7-9753-4557BA4CCECA}.Release|Any CPU.Build.0 = Release|Any CPU
		{17D92F3C-AFB3-4AB7-9753-4557BA4CCECA}.Release|x64.ActiveCfg = Release|Any CPU
		{17D92F3C-AFB3-4AB7-9753-4557BA4CCECA}.Release|x64.Build.0 = Release|Any CPU
		{17D92F3C-AFB3-4AB7-9753-4557BA4CCECA}.Release|x86.ActiveCfg = Release|Any CPU
		{17D92F3C-AFB3-4AB7-9753-4557BA4CCECA}.Release|x86.Build.0 = Release|Any CPU
		{0E88D1C4-11D9-4440-9E1C-43124FC6CF6C}.Debug|Any CPU.ActiveCfg = Debug|Any CPU
		{0E88D1C4-11D9-4440-9E1C-43124FC6CF6C}.Debug|Any CPU.Build.0 = Debug|Any CPU
		{0E88D1C4-11D9-4440-9E1C-43124FC6CF6C}.Debug|x64.ActiveCfg = Debug|Any CPU
		{0E88D1C4-11D9-4440-9E1C-43124FC6CF6C}.Debug|x64.Build.0 = Debug|Any CPU
		{0E88D1C4-11D9-4440-9E1C-43124FC6CF6C}.Debug|x86.ActiveCfg = Debug|Any CPU
		{0E88D1C4-11D9-4440-9E1C-43124FC6CF6C}.Debug|x86.Build.0 = Debug|Any CPU
		{0E88D1C4-11D9-4440-9E1C-43124FC6CF6C}.Release|Any CPU.ActiveCfg = Release|Any CPU
		{0E88D1C4-11D9-4440-9E1C-43124FC6CF6C}.Release|Any CPU.Build.0 = Release|Any CPU
		{0E88D1C4-11D9-4440-9E1C-43124FC6CF6C}.Release|x64.ActiveCfg = Release|Any CPU
		{0E88D1C4-11D9-4440-9E1C-43124FC6CF6C}.Release|x64.Build.0 = Release|Any CPU
		{0E88D1C4-11D9-4440-9E1C-43124FC6CF6C}.Release|x86.ActiveCfg = Release|Any CPU
		{0E88D1C4-11D9-4440-9E1C-43124FC6CF6C}.Release|x86.Build.0 = Release|Any CPU
		{C90D35E5-7B1C-4A04-A1E0-2E0FF889B3DA}.Debug|Any CPU.ActiveCfg = Debug|Any CPU
		{C90D35E5-7B1C-4A04-A1E0-2E0FF889B3DA}.Debug|Any CPU.Build.0 = Debug|Any CPU
		{C90D35E5-7B1C-4A04-A1E0-2E0FF889B3DA}.Debug|x64.ActiveCfg = Debug|Any CPU
		{C90D35E5-7B1C-4A04-A1E0-2E0FF889B3DA}.Debug|x64.Build.0 = Debug|Any CPU
		{C90D35E5-7B1C-4A04-A1E0-2E0FF889B3DA}.Debug|x86.ActiveCfg = Debug|Any CPU
		{C90D35E5-7B1C-4A04-A1E0-2E0FF889B3DA}.Debug|x86.Build.0 = Debug|Any CPU
		{C90D35E5-7B1C-4A04-A1E0-2E0FF889B3DA}.Release|Any CPU.ActiveCfg = Release|Any CPU
		{C90D35E5-7B1C-4A04-A1E0-2E0FF889B3DA}.Release|Any CPU.Build.0 = Release|Any CPU
		{C90D35E5-7B1C-4A04-A1E0-2E0FF889B3DA}.Release|x64.ActiveCfg = Release|Any CPU
		{C90D35E5-7B1C-4A04-A1E0-2E0FF889B3DA}.Release|x64.Build.0 = Release|Any CPU
		{C90D35E5-7B1C-4A04-A1E0-2E0FF889B3DA}.Release|x86.ActiveCfg = Release|Any CPU
		{C90D35E5-7B1C-4A04-A1E0-2E0FF889B3DA}.Release|x86.Build.0 = Release|Any CPU
		{9ACC9087-070A-496A-86C0-3314808B457B}.Debug|Any CPU.ActiveCfg = Debug|Any CPU
		{9ACC9087-070A-496A-86C0-3314808B457B}.Debug|Any CPU.Build.0 = Debug|Any CPU
		{9ACC9087-070A-496A-86C0-3314808B457B}.Debug|x64.ActiveCfg = Debug|Any CPU
		{9ACC9087-070A-496A-86C0-3314808B457B}.Debug|x64.Build.0 = Debug|Any CPU
		{9ACC9087-070A-496A-86C0-3314808B457B}.Debug|x86.ActiveCfg = Debug|Any CPU
		{9ACC9087-070A-496A-86C0-3314808B457B}.Debug|x86.Build.0 = Debug|Any CPU
		{9ACC9087-070A-496A-86C0-3314808B457B}.Release|Any CPU.ActiveCfg = Release|Any CPU
		{9ACC9087-070A-496A-86C0-3314808B457B}.Release|Any CPU.Build.0 = Release|Any CPU
		{9ACC9087-070A-496A-86C0-3314808B457B}.Release|x64.ActiveCfg = Release|Any CPU
		{9ACC9087-070A-496A-86C0-3314808B457B}.Release|x64.Build.0 = Release|Any CPU
		{9ACC9087-070A-496A-86C0-3314808B457B}.Release|x86.ActiveCfg = Release|Any CPU
		{9ACC9087-070A-496A-86C0-3314808B457B}.Release|x86.Build.0 = Release|Any CPU
		{5B1E622C-BF3E-48DC-B7F1-B95174CB05DC}.Debug|Any CPU.ActiveCfg = Debug|Any CPU
		{5B1E622C-BF3E-48DC-B7F1-B95174CB05DC}.Debug|Any CPU.Build.0 = Debug|Any CPU
		{5B1E622C-BF3E-48DC-B7F1-B95174CB05DC}.Debug|x64.ActiveCfg = Debug|Any CPU
		{5B1E622C-BF3E-48DC-B7F1-B95174CB05DC}.Debug|x64.Build.0 = Debug|Any CPU
		{5B1E622C-BF3E-48DC-B7F1-B95174CB05DC}.Debug|x86.ActiveCfg = Debug|Any CPU
		{5B1E622C-BF3E-48DC-B7F1-B95174CB05DC}.Debug|x86.Build.0 = Debug|Any CPU
		{5B1E622C-BF3E-48DC-B7F1-B95174CB05DC}.Release|Any CPU.ActiveCfg = Release|Any CPU
		{5B1E622C-BF3E-48DC-B7F1-B95174CB05DC}.Release|Any CPU.Build.0 = Release|Any CPU
		{5B1E622C-BF3E-48DC-B7F1-B95174CB05DC}.Release|x64.ActiveCfg = Release|Any CPU
		{5B1E622C-BF3E-48DC-B7F1-B95174CB05DC}.Release|x64.Build.0 = Release|Any CPU
		{5B1E622C-BF3E-48DC-B7F1-B95174CB05DC}.Release|x86.ActiveCfg = Release|Any CPU
		{5B1E622C-BF3E-48DC-B7F1-B95174CB05DC}.Release|x86.Build.0 = Release|Any CPU
		{A73B92C5-AF36-45AA-8EB9-9417D69ACB29}.Debug|Any CPU.ActiveCfg = Debug|Any CPU
		{A73B92C5-AF36-45AA-8EB9-9417D69ACB29}.Debug|Any CPU.Build.0 = Debug|Any CPU
		{A73B92C5-AF36-45AA-8EB9-9417D69ACB29}.Debug|x64.ActiveCfg = Debug|Any CPU
		{A73B92C5-AF36-45AA-8EB9-9417D69ACB29}.Debug|x64.Build.0 = Debug|Any CPU
		{A73B92C5-AF36-45AA-8EB9-9417D69ACB29}.Debug|x86.ActiveCfg = Debug|Any CPU
		{A73B92C5-AF36-45AA-8EB9-9417D69ACB29}.Debug|x86.Build.0 = Debug|Any CPU
		{A73B92C5-AF36-45AA-8EB9-9417D69ACB29}.Release|Any CPU.ActiveCfg = Release|Any CPU
		{A73B92C5-AF36-45AA-8EB9-9417D69ACB29}.Release|Any CPU.Build.0 = Release|Any CPU
		{A73B92C5-AF36-45AA-8EB9-9417D69ACB29}.Release|x64.ActiveCfg = Release|Any CPU
		{A73B92C5-AF36-45AA-8EB9-9417D69ACB29}.Release|x64.Build.0 = Release|Any CPU
		{A73B92C5-AF36-45AA-8EB9-9417D69ACB29}.Release|x86.ActiveCfg = Release|Any CPU
		{A73B92C5-AF36-45AA-8EB9-9417D69ACB29}.Release|x86.Build.0 = Release|Any CPU
		{4069A7F9-CBA9-4B1D-9F37-893FBF7BB47C}.Debug|Any CPU.ActiveCfg = Debug|Any CPU
		{4069A7F9-CBA9-4B1D-9F37-893FBF7BB47C}.Debug|Any CPU.Build.0 = Debug|Any CPU
		{4069A7F9-CBA9-4B1D-9F37-893FBF7BB47C}.Debug|x64.ActiveCfg = Debug|Any CPU
		{4069A7F9-CBA9-4B1D-9F37-893FBF7BB47C}.Debug|x64.Build.0 = Debug|Any CPU
		{4069A7F9-CBA9-4B1D-9F37-893FBF7BB47C}.Debug|x86.ActiveCfg = Debug|Any CPU
		{4069A7F9-CBA9-4B1D-9F37-893FBF7BB47C}.Debug|x86.Build.0 = Debug|Any CPU
		{4069A7F9-CBA9-4B1D-9F37-893FBF7BB47C}.Release|Any CPU.ActiveCfg = Release|Any CPU
		{4069A7F9-CBA9-4B1D-9F37-893FBF7BB47C}.Release|Any CPU.Build.0 = Release|Any CPU
		{4069A7F9-CBA9-4B1D-9F37-893FBF7BB47C}.Release|x64.ActiveCfg = Release|Any CPU
		{4069A7F9-CBA9-4B1D-9F37-893FBF7BB47C}.Release|x64.Build.0 = Release|Any CPU
		{4069A7F9-CBA9-4B1D-9F37-893FBF7BB47C}.Release|x86.ActiveCfg = Release|Any CPU
		{4069A7F9-CBA9-4B1D-9F37-893FBF7BB47C}.Release|x86.Build.0 = Release|Any CPU
		{399879F4-07B6-4BFD-8AEC-6A067C376D81}.Debug|Any CPU.ActiveCfg = Debug|Any CPU
		{399879F4-07B6-4BFD-8AEC-6A067C376D81}.Debug|Any CPU.Build.0 = Debug|Any CPU
		{399879F4-07B6-4BFD-8AEC-6A067C376D81}.Debug|x64.ActiveCfg = Debug|Any CPU
		{399879F4-07B6-4BFD-8AEC-6A067C376D81}.Debug|x64.Build.0 = Debug|Any CPU
		{399879F4-07B6-4BFD-8AEC-6A067C376D81}.Debug|x86.ActiveCfg = Debug|Any CPU
		{399879F4-07B6-4BFD-8AEC-6A067C376D81}.Debug|x86.Build.0 = Debug|Any CPU
		{399879F4-07B6-4BFD-8AEC-6A067C376D81}.Release|Any CPU.ActiveCfg = Release|Any CPU
		{399879F4-07B6-4BFD-8AEC-6A067C376D81}.Release|Any CPU.Build.0 = Release|Any CPU
		{399879F4-07B6-4BFD-8AEC-6A067C376D81}.Release|x64.ActiveCfg = Release|Any CPU
		{399879F4-07B6-4BFD-8AEC-6A067C376D81}.Release|x64.Build.0 = Release|Any CPU
		{399879F4-07B6-4BFD-8AEC-6A067C376D81}.Release|x86.ActiveCfg = Release|Any CPU
		{399879F4-07B6-4BFD-8AEC-6A067C376D81}.Release|x86.Build.0 = Release|Any CPU
		{768B1623-DD53-42DD-96FA-FE0729B9CBBE}.Debug|Any CPU.ActiveCfg = Debug|Any CPU
		{768B1623-DD53-42DD-96FA-FE0729B9CBBE}.Debug|Any CPU.Build.0 = Debug|Any CPU
		{768B1623-DD53-42DD-96FA-FE0729B9CBBE}.Debug|x64.ActiveCfg = Debug|Any CPU
		{768B1623-DD53-42DD-96FA-FE0729B9CBBE}.Debug|x64.Build.0 = Debug|Any CPU
		{768B1623-DD53-42DD-96FA-FE0729B9CBBE}.Debug|x86.ActiveCfg = Debug|Any CPU
		{768B1623-DD53-42DD-96FA-FE0729B9CBBE}.Debug|x86.Build.0 = Debug|Any CPU
		{768B1623-DD53-42DD-96FA-FE0729B9CBBE}.Release|Any CPU.ActiveCfg = Release|Any CPU
		{768B1623-DD53-42DD-96FA-FE0729B9CBBE}.Release|Any CPU.Build.0 = Release|Any CPU
		{768B1623-DD53-42DD-96FA-FE0729B9CBBE}.Release|x64.ActiveCfg = Release|Any CPU
		{768B1623-DD53-42DD-96FA-FE0729B9CBBE}.Release|x64.Build.0 = Release|Any CPU
		{768B1623-DD53-42DD-96FA-FE0729B9CBBE}.Release|x86.ActiveCfg = Release|Any CPU
		{768B1623-DD53-42DD-96FA-FE0729B9CBBE}.Release|x86.Build.0 = Release|Any CPU
		{2EF91649-F49E-4720-8702-613B7E0C3D0B}.Debug|Any CPU.ActiveCfg = Debug|Any CPU
		{2EF91649-F49E-4720-8702-613B7E0C3D0B}.Debug|Any CPU.Build.0 = Debug|Any CPU
		{2EF91649-F49E-4720-8702-613B7E0C3D0B}.Debug|x64.ActiveCfg = Debug|Any CPU
		{2EF91649-F49E-4720-8702-613B7E0C3D0B}.Debug|x64.Build.0 = Debug|Any CPU
		{2EF91649-F49E-4720-8702-613B7E0C3D0B}.Debug|x86.ActiveCfg = Debug|Any CPU
		{2EF91649-F49E-4720-8702-613B7E0C3D0B}.Debug|x86.Build.0 = Debug|Any CPU
		{2EF91649-F49E-4720-8702-613B7E0C3D0B}.Release|Any CPU.ActiveCfg = Release|Any CPU
		{2EF91649-F49E-4720-8702-613B7E0C3D0B}.Release|Any CPU.Build.0 = Release|Any CPU
		{2EF91649-F49E-4720-8702-613B7E0C3D0B}.Release|x64.ActiveCfg = Release|Any CPU
		{2EF91649-F49E-4720-8702-613B7E0C3D0B}.Release|x64.Build.0 = Release|Any CPU
		{2EF91649-F49E-4720-8702-613B7E0C3D0B}.Release|x86.ActiveCfg = Release|Any CPU
		{2EF91649-F49E-4720-8702-613B7E0C3D0B}.Release|x86.Build.0 = Release|Any CPU
		{AC2A6E41-407C-4DA6-9526-96575BC9D960}.Debug|Any CPU.ActiveCfg = Debug|Any CPU
		{AC2A6E41-407C-4DA6-9526-96575BC9D960}.Debug|Any CPU.Build.0 = Debug|Any CPU
		{AC2A6E41-407C-4DA6-9526-96575BC9D960}.Debug|x64.ActiveCfg = Debug|Any CPU
		{AC2A6E41-407C-4DA6-9526-96575BC9D960}.Debug|x64.Build.0 = Debug|Any CPU
		{AC2A6E41-407C-4DA6-9526-96575BC9D960}.Debug|x86.ActiveCfg = Debug|Any CPU
		{AC2A6E41-407C-4DA6-9526-96575BC9D960}.Debug|x86.Build.0 = Debug|Any CPU
		{AC2A6E41-407C-4DA6-9526-96575BC9D960}.Release|Any CPU.ActiveCfg = Release|Any CPU
		{AC2A6E41-407C-4DA6-9526-96575BC9D960}.Release|Any CPU.Build.0 = Release|Any CPU
		{AC2A6E41-407C-4DA6-9526-96575BC9D960}.Release|x64.ActiveCfg = Release|Any CPU
		{AC2A6E41-407C-4DA6-9526-96575BC9D960}.Release|x64.Build.0 = Release|Any CPU
		{AC2A6E41-407C-4DA6-9526-96575BC9D960}.Release|x86.ActiveCfg = Release|Any CPU
		{AC2A6E41-407C-4DA6-9526-96575BC9D960}.Release|x86.Build.0 = Release|Any CPU
		{B92462FD-129B-47CD-A3DB-4502215136A8}.Debug|Any CPU.ActiveCfg = Debug|Any CPU
		{B92462FD-129B-47CD-A3DB-4502215136A8}.Debug|Any CPU.Build.0 = Debug|Any CPU
		{B92462FD-129B-47CD-A3DB-4502215136A8}.Debug|x64.ActiveCfg = Debug|Any CPU
		{B92462FD-129B-47CD-A3DB-4502215136A8}.Debug|x64.Build.0 = Debug|Any CPU
		{B92462FD-129B-47CD-A3DB-4502215136A8}.Debug|x86.ActiveCfg = Debug|Any CPU
		{B92462FD-129B-47CD-A3DB-4502215136A8}.Debug|x86.Build.0 = Debug|Any CPU
		{B92462FD-129B-47CD-A3DB-4502215136A8}.Release|Any CPU.ActiveCfg = Release|Any CPU
		{B92462FD-129B-47CD-A3DB-4502215136A8}.Release|Any CPU.Build.0 = Release|Any CPU
		{B92462FD-129B-47CD-A3DB-4502215136A8}.Release|x64.ActiveCfg = Release|Any CPU
		{B92462FD-129B-47CD-A3DB-4502215136A8}.Release|x64.Build.0 = Release|Any CPU
		{B92462FD-129B-47CD-A3DB-4502215136A8}.Release|x86.ActiveCfg = Release|Any CPU
		{B92462FD-129B-47CD-A3DB-4502215136A8}.Release|x86.Build.0 = Release|Any CPU
		{EBD602E8-6212-4F02-99DA-63758F33AC74}.Debug|Any CPU.ActiveCfg = Debug|Any CPU
		{EBD602E8-6212-4F02-99DA-63758F33AC74}.Debug|Any CPU.Build.0 = Debug|Any CPU
		{EBD602E8-6212-4F02-99DA-63758F33AC74}.Debug|x64.ActiveCfg = Debug|Any CPU
		{EBD602E8-6212-4F02-99DA-63758F33AC74}.Debug|x64.Build.0 = Debug|Any CPU
		{EBD602E8-6212-4F02-99DA-63758F33AC74}.Debug|x86.ActiveCfg = Debug|Any CPU
		{EBD602E8-6212-4F02-99DA-63758F33AC74}.Debug|x86.Build.0 = Debug|Any CPU
		{EBD602E8-6212-4F02-99DA-63758F33AC74}.Release|Any CPU.ActiveCfg = Release|Any CPU
		{EBD602E8-6212-4F02-99DA-63758F33AC74}.Release|Any CPU.Build.0 = Release|Any CPU
		{EBD602E8-6212-4F02-99DA-63758F33AC74}.Release|x64.ActiveCfg = Release|Any CPU
		{EBD602E8-6212-4F02-99DA-63758F33AC74}.Release|x64.Build.0 = Release|Any CPU
		{EBD602E8-6212-4F02-99DA-63758F33AC74}.Release|x86.ActiveCfg = Release|Any CPU
		{EBD602E8-6212-4F02-99DA-63758F33AC74}.Release|x86.Build.0 = Release|Any CPU
		{22A8C207-35FD-4D4E-ACD1-6B92A8DAF2E9}.Debug|Any CPU.ActiveCfg = Debug|Any CPU
		{22A8C207-35FD-4D4E-ACD1-6B92A8DAF2E9}.Debug|Any CPU.Build.0 = Debug|Any CPU
		{22A8C207-35FD-4D4E-ACD1-6B92A8DAF2E9}.Debug|x64.ActiveCfg = Debug|Any CPU
		{22A8C207-35FD-4D4E-ACD1-6B92A8DAF2E9}.Debug|x64.Build.0 = Debug|Any CPU
		{22A8C207-35FD-4D4E-ACD1-6B92A8DAF2E9}.Debug|x86.ActiveCfg = Debug|Any CPU
		{22A8C207-35FD-4D4E-ACD1-6B92A8DAF2E9}.Debug|x86.Build.0 = Debug|Any CPU
		{22A8C207-35FD-4D4E-ACD1-6B92A8DAF2E9}.Release|Any CPU.ActiveCfg = Release|Any CPU
		{22A8C207-35FD-4D4E-ACD1-6B92A8DAF2E9}.Release|Any CPU.Build.0 = Release|Any CPU
		{22A8C207-35FD-4D4E-ACD1-6B92A8DAF2E9}.Release|x64.ActiveCfg = Release|Any CPU
		{22A8C207-35FD-4D4E-ACD1-6B92A8DAF2E9}.Release|x64.Build.0 = Release|Any CPU
		{22A8C207-35FD-4D4E-ACD1-6B92A8DAF2E9}.Release|x86.ActiveCfg = Release|Any CPU
		{22A8C207-35FD-4D4E-ACD1-6B92A8DAF2E9}.Release|x86.Build.0 = Release|Any CPU
		{A2A5077F-DFC0-4B4F-87B0-FBE023E1F1B8}.Debug|Any CPU.ActiveCfg = Debug|Any CPU
		{A2A5077F-DFC0-4B4F-87B0-FBE023E1F1B8}.Debug|Any CPU.Build.0 = Debug|Any CPU
		{A2A5077F-DFC0-4B4F-87B0-FBE023E1F1B8}.Debug|x64.ActiveCfg = Debug|Any CPU
		{A2A5077F-DFC0-4B4F-87B0-FBE023E1F1B8}.Debug|x64.Build.0 = Debug|Any CPU
		{A2A5077F-DFC0-4B4F-87B0-FBE023E1F1B8}.Debug|x86.ActiveCfg = Debug|Any CPU
		{A2A5077F-DFC0-4B4F-87B0-FBE023E1F1B8}.Debug|x86.Build.0 = Debug|Any CPU
		{A2A5077F-DFC0-4B4F-87B0-FBE023E1F1B8}.Release|Any CPU.ActiveCfg = Release|Any CPU
		{A2A5077F-DFC0-4B4F-87B0-FBE023E1F1B8}.Release|Any CPU.Build.0 = Release|Any CPU
		{A2A5077F-DFC0-4B4F-87B0-FBE023E1F1B8}.Release|x64.ActiveCfg = Release|Any CPU
		{A2A5077F-DFC0-4B4F-87B0-FBE023E1F1B8}.Release|x64.Build.0 = Release|Any CPU
		{A2A5077F-DFC0-4B4F-87B0-FBE023E1F1B8}.Release|x86.ActiveCfg = Release|Any CPU
		{A2A5077F-DFC0-4B4F-87B0-FBE023E1F1B8}.Release|x86.Build.0 = Release|Any CPU
		{C494BEBA-0E2E-4DD7-B7F7-BD725D8C0229}.Debug|Any CPU.ActiveCfg = Debug|Any CPU
		{C494BEBA-0E2E-4DD7-B7F7-BD725D8C0229}.Debug|Any CPU.Build.0 = Debug|Any CPU
		{C494BEBA-0E2E-4DD7-B7F7-BD725D8C0229}.Debug|x64.ActiveCfg = Debug|Any CPU
		{C494BEBA-0E2E-4DD7-B7F7-BD725D8C0229}.Debug|x64.Build.0 = Debug|Any CPU
		{C494BEBA-0E2E-4DD7-B7F7-BD725D8C0229}.Debug|x86.ActiveCfg = Debug|Any CPU
		{C494BEBA-0E2E-4DD7-B7F7-BD725D8C0229}.Debug|x86.Build.0 = Debug|Any CPU
		{C494BEBA-0E2E-4DD7-B7F7-BD725D8C0229}.Release|Any CPU.ActiveCfg = Release|Any CPU
		{C494BEBA-0E2E-4DD7-B7F7-BD725D8C0229}.Release|Any CPU.Build.0 = Release|Any CPU
		{C494BEBA-0E2E-4DD7-B7F7-BD725D8C0229}.Release|x64.ActiveCfg = Release|Any CPU
		{C494BEBA-0E2E-4DD7-B7F7-BD725D8C0229}.Release|x64.Build.0 = Release|Any CPU
		{C494BEBA-0E2E-4DD7-B7F7-BD725D8C0229}.Release|x86.ActiveCfg = Release|Any CPU
		{C494BEBA-0E2E-4DD7-B7F7-BD725D8C0229}.Release|x86.Build.0 = Release|Any CPU
		{1D74EE38-501D-4C25-91AD-A259C3A87AA9}.Debug|Any CPU.ActiveCfg = Debug|Any CPU
		{1D74EE38-501D-4C25-91AD-A259C3A87AA9}.Debug|Any CPU.Build.0 = Debug|Any CPU
		{1D74EE38-501D-4C25-91AD-A259C3A87AA9}.Debug|x64.ActiveCfg = Debug|Any CPU
		{1D74EE38-501D-4C25-91AD-A259C3A87AA9}.Debug|x64.Build.0 = Debug|Any CPU
		{1D74EE38-501D-4C25-91AD-A259C3A87AA9}.Debug|x86.ActiveCfg = Debug|Any CPU
		{1D74EE38-501D-4C25-91AD-A259C3A87AA9}.Debug|x86.Build.0 = Debug|Any CPU
		{1D74EE38-501D-4C25-91AD-A259C3A87AA9}.Release|Any CPU.ActiveCfg = Release|Any CPU
		{1D74EE38-501D-4C25-91AD-A259C3A87AA9}.Release|Any CPU.Build.0 = Release|Any CPU
		{1D74EE38-501D-4C25-91AD-A259C3A87AA9}.Release|x64.ActiveCfg = Release|Any CPU
		{1D74EE38-501D-4C25-91AD-A259C3A87AA9}.Release|x64.Build.0 = Release|Any CPU
		{1D74EE38-501D-4C25-91AD-A259C3A87AA9}.Release|x86.ActiveCfg = Release|Any CPU
		{1D74EE38-501D-4C25-91AD-A259C3A87AA9}.Release|x86.Build.0 = Release|Any CPU
		{DEE97C79-A442-4D45-8187-BF9A20698209}.Debug|Any CPU.ActiveCfg = Debug|Any CPU
		{DEE97C79-A442-4D45-8187-BF9A20698209}.Debug|Any CPU.Build.0 = Debug|Any CPU
		{DEE97C79-A442-4D45-8187-BF9A20698209}.Debug|x64.ActiveCfg = Debug|Any CPU
		{DEE97C79-A442-4D45-8187-BF9A20698209}.Debug|x64.Build.0 = Debug|Any CPU
		{DEE97C79-A442-4D45-8187-BF9A20698209}.Debug|x86.ActiveCfg = Debug|Any CPU
		{DEE97C79-A442-4D45-8187-BF9A20698209}.Debug|x86.Build.0 = Debug|Any CPU
		{DEE97C79-A442-4D45-8187-BF9A20698209}.Release|Any CPU.ActiveCfg = Release|Any CPU
		{DEE97C79-A442-4D45-8187-BF9A20698209}.Release|Any CPU.Build.0 = Release|Any CPU
		{DEE97C79-A442-4D45-8187-BF9A20698209}.Release|x64.ActiveCfg = Release|Any CPU
		{DEE97C79-A442-4D45-8187-BF9A20698209}.Release|x64.Build.0 = Release|Any CPU
		{DEE97C79-A442-4D45-8187-BF9A20698209}.Release|x86.ActiveCfg = Release|Any CPU
		{DEE97C79-A442-4D45-8187-BF9A20698209}.Release|x86.Build.0 = Release|Any CPU
	EndGlobalSection
	GlobalSection(SolutionProperties) = preSolution
		HideSolutionNode = FALSE
	EndGlobalSection
	GlobalSection(NestedProjects) = preSolution
		{5912B3A0-FB51-4088-8B46-B69FB8F18CDF} = {BCE00700-705C-4B3A-902B-3356DCD3DA3E}
		{69B6A768-B7DB-4FAD-A184-064143CC09D1} = {60AAAB4B-27C6-4EEA-A2E7-8FD3FAAB7747}
		{975AB4A0-7756-44A6-B5BD-F69D42D8691B} = {60AAAB4B-27C6-4EEA-A2E7-8FD3FAAB7747}
		{E6BF6BD3-4116-48CD-BAC8-D88A26408583} = {BCE00700-705C-4B3A-902B-3356DCD3DA3E}
		{17D92F3C-AFB3-4AB7-9753-4557BA4CCECA} = {60AAAB4B-27C6-4EEA-A2E7-8FD3FAAB7747}
		{0E88D1C4-11D9-4440-9E1C-43124FC6CF6C} = {60AAAB4B-27C6-4EEA-A2E7-8FD3FAAB7747}
		{C90D35E5-7B1C-4A04-A1E0-2E0FF889B3DA} = {60AAAB4B-27C6-4EEA-A2E7-8FD3FAAB7747}
		{9ACC9087-070A-496A-86C0-3314808B457B} = {60AAAB4B-27C6-4EEA-A2E7-8FD3FAAB7747}
		{5B1E622C-BF3E-48DC-B7F1-B95174CB05DC} = {60AAAB4B-27C6-4EEA-A2E7-8FD3FAAB7747}
		{A73B92C5-AF36-45AA-8EB9-9417D69ACB29} = {60AAAB4B-27C6-4EEA-A2E7-8FD3FAAB7747}
		{4069A7F9-CBA9-4B1D-9F37-893FBF7BB47C} = {60AAAB4B-27C6-4EEA-A2E7-8FD3FAAB7747}
		{399879F4-07B6-4BFD-8AEC-6A067C376D81} = {60AAAB4B-27C6-4EEA-A2E7-8FD3FAAB7747}
		{768B1623-DD53-42DD-96FA-FE0729B9CBBE} = {60AAAB4B-27C6-4EEA-A2E7-8FD3FAAB7747}
		{2EF91649-F49E-4720-8702-613B7E0C3D0B} = {60AAAB4B-27C6-4EEA-A2E7-8FD3FAAB7747}
		{AC2A6E41-407C-4DA6-9526-96575BC9D960} = {60AAAB4B-27C6-4EEA-A2E7-8FD3FAAB7747}
		{B92462FD-129B-47CD-A3DB-4502215136A8} = {60AAAB4B-27C6-4EEA-A2E7-8FD3FAAB7747}
		{EBD602E8-6212-4F02-99DA-63758F33AC74} = {60AAAB4B-27C6-4EEA-A2E7-8FD3FAAB7747}
		{22A8C207-35FD-4D4E-ACD1-6B92A8DAF2E9} = {60AAAB4B-27C6-4EEA-A2E7-8FD3FAAB7747}
		{A2A5077F-DFC0-4B4F-87B0-FBE023E1F1B8} = {60AAAB4B-27C6-4EEA-A2E7-8FD3FAAB7747}
		{C494BEBA-0E2E-4DD7-B7F7-BD725D8C0229} = {60AAAB4B-27C6-4EEA-A2E7-8FD3FAAB7747}
		{1D74EE38-501D-4C25-91AD-A259C3A87AA9} = {60AAAB4B-27C6-4EEA-A2E7-8FD3FAAB7747}
		{DEE97C79-A442-4D45-8187-BF9A20698209} = {60AAAB4B-27C6-4EEA-A2E7-8FD3FAAB7747}
	EndGlobalSection
	GlobalSection(ExtensibilityGlobals) = postSolution
		SolutionGuid = {3DF3895D-74E4-4CEC-8C19-CF93A06D9F0A}
	EndGlobalSection
EndGlobal
